
Microsoft Visual Studio Solution File, Format Version 12.00
# Visual Studio 2012
Project("{8BC9CEB8-8B4A-11D0-8D11-00A0C91BC942}") = "eqlang", "eqlang\eqlang.vcxproj", "{3DBB064D-BE0C-47A6-BC40-D3432E07FEAC}"
EndProject
Global
	GlobalSection(SolutionConfigurationPlatforms) = preSolution
		Debug|Win32 = Debug|Win32
		Release|Win32 = Release|Win32
	EndGlobalSection
	GlobalSection(ProjectConfigurationPlatforms) = postSolution
		{3DBB064D-BE0C-47A6-BC40-D3432E07FEAC}.Debug|Win32.ActiveCfg = Debug|Win32
		{3DBB064D-BE0C-47A6-BC40-D3432E07FEAC}.Debug|Win32.Build.0 = Debug|Win32
		{3DBB064D-BE0C-47A6-BC40-D3432E07FEAC}.Release|Win32.ActiveCfg = Release|Win32
		{3DBB064D-BE0C-47A6-BC40-D3432E07FEAC}.Release|Win32.Build.0 = Release|Win32
	EndGlobalSection
	GlobalSection(SolutionProperties) = preSolution
		HideSolutionNode = FALSE
	EndGlobalSection
EndGlobal
